
Microsoft Visual Studio Solution File, Format Version 12.00
# Visual Studio Version 17
VisualStudioVersion = 17.4.33122.133
MinimumVisualStudioVersion = 10.0.40219.1
Project("{FAE04EC0-301F-11D3-BF4B-00C04F79EFBC}") = "rediscachewithasp", "rediscachewithasp.csproj", "{5E21EC54-4337-46C2-8F97-B4E9B111D22C}"
EndProject
Global
	GlobalSection(SolutionConfigurationPlatforms) = preSolution
		Debug|Any CPU = Debug|Any CPU
		Release|Any CPU = Release|Any CPU
	EndGlobalSection
	GlobalSection(ProjectConfigurationPlatforms) = postSolution
		{5E21EC54-4337-46C2-8F97-B4E9B111D22C}.Debug|Any CPU.ActiveCfg = Debug|Any CPU
		{5E21EC54-4337-46C2-8F97-B4E9B111D22C}.Debug|Any CPU.Build.0 = Debug|Any CPU
		{5E21EC54-4337-46C2-8F97-B4E9B111D22C}.Release|Any CPU.ActiveCfg = Release|Any CPU
		{5E21EC54-4337-46C2-8F97-B4E9B111D22C}.Release|Any CPU.Build.0 = Release|Any CPU
	EndGlobalSection
	GlobalSection(SolutionProperties) = preSolution
		HideSolutionNode = FALSE
	EndGlobalSection
	GlobalSection(ExtensibilityGlobals) = postSolution
		SolutionGuid = {4CAD11CA-822E-4823-82E5-782C353E0797}
	EndGlobalSection
EndGlobal
